
Microsoft Visual Studio Solution File, Format Version 12.00
# Visual Studio Version 16
VisualStudioVersion = 16.0.29905.134
MinimumVisualStudioVersion = 10.0.40219.1
Project("{FAE04EC0-301F-11D3-BF4B-00C04F79EFBC}") = "EinTextadventure", "EinTextadventure\EinTextadventure.csproj", "{4AB4DF2D-0505-439F-8E1F-183D6445E5C7}"
EndProject
Global
	GlobalSection(SolutionConfigurationPlatforms) = preSolution
		Debug|Any CPU = Debug|Any CPU
		Release|Any CPU = Release|Any CPU
	EndGlobalSection
	GlobalSection(ProjectConfigurationPlatforms) = postSolution
		{4AB4DF2D-0505-439F-8E1F-183D6445E5C7}.Debug|Any CPU.ActiveCfg = Debug|Any CPU
		{4AB4DF2D-0505-439F-8E1F-183D6445E5C7}.Debug|Any CPU.Build.0 = Debug|Any CPU
		{4AB4DF2D-0505-439F-8E1F-183D6445E5C7}.Release|Any CPU.ActiveCfg = Release|Any CPU
		{4AB4DF2D-0505-439F-8E1F-183D6445E5C7}.Release|Any CPU.Build.0 = Release|Any CPU
	EndGlobalSection
	GlobalSection(SolutionProperties) = preSolution
		HideSolutionNode = FALSE
	EndGlobalSection
	GlobalSection(ExtensibilityGlobals) = postSolution
		SolutionGuid = {0C91D610-252F-451C-A538-B68D16E40771}
	EndGlobalSection
EndGlobal
